
Microsoft Visual Studio Solution File, Format Version 12.00
# Visual Studio Version 16
VisualStudioVersion = 16.0.30907.101
MinimumVisualStudioVersion = 10.0.40219.1
Project("{FAE04EC0-301F-11D3-BF4B-00C04F79EFBC}") = "ControlPanel", "ControlPanel.csproj", "{91C50E02-ECD7-4C4D-994B-4998106D624E}"
EndProject
Global
	GlobalSection(SolutionConfigurationPlatforms) = preSolution
		Debug|Any CPU = Debug|Any CPU
		Release|Any CPU = Release|Any CPU
	EndGlobalSection
	GlobalSection(ProjectConfigurationPlatforms) = postSolution
		{91C50E02-ECD7-4C4D-994B-4998106D624E}.Debug|Any CPU.ActiveCfg = Debug|Any CPU
		{91C50E02-ECD7-4C4D-994B-4998106D624E}.Debug|Any CPU.Build.0 = Debug|Any CPU
		{91C50E02-ECD7-4C4D-994B-4998106D624E}.Release|Any CPU.ActiveCfg = Release|Any CPU
		{91C50E02-ECD7-4C4D-994B-4998106D624E}.Release|Any CPU.Build.0 = Release|Any CPU
	EndGlobalSection
	GlobalSection(SolutionProperties) = preSolution
		HideSolutionNode = FALSE
	EndGlobalSection
	GlobalSection(ExtensibilityGlobals) = postSolution
		SolutionGuid = {A6E43F31-C7E8-45ED-818C-C08471CC79AE}
	EndGlobalSection
EndGlobal
